{
  "nodes": {
    "nixpkgs": {
      "locked": {
        "lastModified": 1654677321,
        "narHash": "sha256-vV+ZKAh5RuIjB8V+D3k/0Wy3Thk1vFVaJXEQOyOl7Ms=",
        "owner": "nixos",
        "repo": "nixpkgs",
        "rev": "48195904d5055a82503c67417cc1e9e78cc62aff",
        "type": "github"
      },
      "original": {
        "owner": "nixos",
        "repo": "nixpkgs",
        "type": "github"
      }
    },
    "root": {
      "inputs": {
        "nixpkgs": "nixpkgs"
      }
    }
  },
  "root": "root",
  "version": 7
}
